{
  "pins" : [
    {
      "identity" : "xctest-dynamic-overlay",
      "kind" : "remoteSourceControl",
      "location" : "https://github.com/pointfreeco/xctest-dynamic-overlay",
      "state" : {
        "revision" : "a9daebf0bf65981fd159c885d504481a65a75f02",
        "version" : "0.8.0"
      }
    }
  ],
  "version" : 2
}
